[root]
name = "create_m3u"
version = "0.1.0"
dependencies = [
 "mediainfo 0.1.1 (git+https://github.com/erickpires/rust-mediainfo)",
]

[[package]]
name = "libc"
version = "0.1.12"
source = "registry+https://github.com/rust-lang/crates.io-index"

[[package]]
name = "mediainfo"
version = "0.1.1"
source = "git+https://github.com/erickpires/rust-mediainfo#209d388d7749322995f754ff07ed0272b8688a04"
dependencies = [
 "libc 0.1.12 (registry+https://github.com/rust-lang/crates.io-index)",
 "pkg-config 0.3.9 (registry+https://github.com/rust-lang/crates.io-index)",
]

[[package]]
name = "pkg-config"
version = "0.3.9"
source = "registry+https://github.com/rust-lang/crates.io-index"

[metadata]
"checksum libc 0.1.12 (registry+https://github.com/rust-lang/crates.io-index)" = "e32a70cf75e5846d53a673923498228bbec6a8624708a9ea5645f075d6276122"
"checksum mediainfo 0.1.1 (git+https://github.com/erickpires/rust-mediainfo)" = "<none>"
"checksum pkg-config 0.3.9 (registry+https://github.com/rust-lang/crates.io-index)" = "3a8b4c6b8165cd1a1cd4b9b120978131389f64bdaf456435caa41e630edba903"
